
Microsoft Visual Studio Solution File, Format Version 12.00
# Visual Studio Version 17
VisualStudioVersion = 17.6.33801.468
MinimumVisualStudioVersion = 10.0.40219.1
Project("{FAE04EC0-301F-11D3-BF4B-00C04F79EFBC}") = "Nephila", "Nephila\Nephila.csproj", "{10A4F1C8-2958-40E4-BA8F-B1D12BA70C7D}"
EndProject
Global
	GlobalSection(SolutionConfigurationPlatforms) = preSolution
		Debug|Any CPU = Debug|Any CPU
		Release|Any CPU = Release|Any CPU
	EndGlobalSection
	GlobalSection(ProjectConfigurationPlatforms) = postSolution
		{10A4F1C8-2958-40E4-BA8F-B1D12BA70C7D}.Debug|Any CPU.ActiveCfg = Debug|Any CPU
		{10A4F1C8-2958-40E4-BA8F-B1D12BA70C7D}.Debug|Any CPU.Build.0 = Debug|Any CPU
		{10A4F1C8-2958-40E4-BA8F-B1D12BA70C7D}.Release|Any CPU.ActiveCfg = Release|Any CPU
		{10A4F1C8-2958-40E4-BA8F-B1D12BA70C7D}.Release|Any CPU.Build.0 = Release|Any CPU
	EndGlobalSection
	GlobalSection(SolutionProperties) = preSolution
		HideSolutionNode = FALSE
	EndGlobalSection
	GlobalSection(ExtensibilityGlobals) = postSolution
		SolutionGuid = {3BBC2B09-5611-40AE-97C6-0F41BFCE203B}
	EndGlobalSection
EndGlobal
